
Microsoft Visual Studio Solution File, Format Version 12.00
# Visual Studio Version 17
VisualStudioVersion = 17.9.34622.214
MinimumVisualStudioVersion = 10.0.40219.1
Project("{FAE04EC0-301F-11D3-BF4B-00C04F79EFBC}") = "CSharpCoBan", "CSharpCoBan\CSharpCoBan.csproj", "{81942557-9D05-458F-A189-1CBBB537F852}"
EndProject
Project("{FAE04EC0-301F-11D3-BF4B-00C04F79EFBC}") = "BE2024.DataAccess", "BE2024.DataAccess\BE2024.DataAccess.csproj", "{CE1548E1-F402-4B23-81D0-67A095815E41}"
EndProject
Project("{FAE04EC0-301F-11D3-BF4B-00C04F79EFBC}") = "CommonLibs", "CommonLibs\CommonLibs.csproj", "{25D5DC73-AA26-40E6-88C6-9E499A51623A}"
EndProject
Project("{9A19103F-16F7-4668-BE54-9A1E7A4F7556}") = "Library.DataAccess", "Library.DataAccess\Library.DataAccess.csproj", "{81891678-5276-4C37-95ED-B845CC2A69C2}"
EndProject
Project("{9A19103F-16F7-4668-BE54-9A1E7A4F7556}") = "Storage.DataAccess", "Storage.DataAccess\Storage.DataAccess.csproj", "{81AC0DDA-7483-4761-BCEB-66FC7178F871}"
EndProject
Project("{9A19103F-16F7-4668-BE54-9A1E7A4F7556}") = "StorageManagerConsole", "StorageManagerConsole\StorageManagerConsole.csproj", "{C36777B5-0769-4535-8FA5-C8645D53528E}"
EndProject
Project("{FAE04EC0-301F-11D3-BF4B-00C04F79EFBC}") = "BookManager", "BookManager\BookManager.csproj", "{538ADE0E-0387-4AD7-B683-7034C39DD43E}"
EndProject
Project("{9A19103F-16F7-4668-BE54-9A1E7A4F7556}") = "BookManager.NETCore", "BookManager.NETCore\BookManager.NETCore.csproj", "{E2618DC7-EE5F-4B4F-8C56-4CC73A2B67C8}"
EndProject
Project("{9A19103F-16F7-4668-BE54-9A1E7A4F7556}") = "StudentManager.WebApp", "StudentManager.WebApp\StudentManager.WebApp.csproj", "{FF9BE63C-9347-49D9-A947-B0805556A217}"
EndProject
Project("{9A19103F-16F7-4668-BE54-9A1E7A4F7556}") = "StudentManager.DataAccess", "StudentManager.DataAccess\StudentManager.DataAccess.csproj", "{F697B49A-4F34-4C86-B5FE-AC1E9FB88123}"
EndProject
Project("{FAE04EC0-301F-11D3-BF4B-00C04F79EFBC}") = "EmployeesDB", "EmployeesDB\EmployeesDB.csproj", "{7F473CF9-4B24-4A04-B5A5-EF6126DED75D}"
EndProject
Project("{FAE04EC0-301F-11D3-BF4B-00C04F79EFBC}") = "EmployeesDB.DataAccess", "EmployeesDB.DataAccess\EmployeesDB.DataAccess.csproj", "{107878A3-6E57-42B0-A268-48727C020EF3}"
EndProject
Global
	GlobalSection(SolutionConfigurationPlatforms) = preSolution
		Debug|Any CPU = Debug|Any CPU
		Release|Any CPU = Release|Any CPU
	EndGlobalSection
	GlobalSection(ProjectConfigurationPlatforms) = postSolution
		{81942557-9D05-458F-A189-1CBBB537F852}.Debug|Any CPU.ActiveCfg = Debug|Any CPU
		{81942557-9D05-458F-A189-1CBBB537F852}.Debug|Any CPU.Build.0 = Debug|Any CPU
		{81942557-9D05-458F-A189-1CBBB537F852}.Release|Any CPU.ActiveCfg = Release|Any CPU
		{81942557-9D05-458F-A189-1CBBB537F852}.Release|Any CPU.Build.0 = Release|Any CPU
		{CE1548E1-F402-4B23-81D0-67A095815E41}.Debug|Any CPU.ActiveCfg = Debug|Any CPU
		{CE1548E1-F402-4B23-81D0-67A095815E41}.Debug|Any CPU.Build.0 = Debug|Any CPU
		{CE1548E1-F402-4B23-81D0-67A095815E41}.Release|Any CPU.ActiveCfg = Release|Any CPU
		{CE1548E1-F402-4B23-81D0-67A095815E41}.Release|Any CPU.Build.0 = Release|Any CPU
		{25D5DC73-AA26-40E6-88C6-9E499A51623A}.Debug|Any CPU.ActiveCfg = Debug|Any CPU
		{25D5DC73-AA26-40E6-88C6-9E499A51623A}.Debug|Any CPU.Build.0 = Debug|Any CPU
		{25D5DC73-AA26-40E6-88C6-9E499A51623A}.Release|Any CPU.ActiveCfg = Release|Any CPU
		{25D5DC73-AA26-40E6-88C6-9E499A51623A}.Release|Any CPU.Build.0 = Release|Any CPU
		{81891678-5276-4C37-95ED-B845CC2A69C2}.Debug|Any CPU.ActiveCfg = Debug|Any CPU
		{81891678-5276-4C37-95ED-B845CC2A69C2}.Debug|Any CPU.Build.0 = Debug|Any CPU
		{81891678-5276-4C37-95ED-B845CC2A69C2}.Release|Any CPU.ActiveCfg = Release|Any CPU
		{81891678-5276-4C37-95ED-B845CC2A69C2}.Release|Any CPU.Build.0 = Release|Any CPU
		{81AC0DDA-7483-4761-BCEB-66FC7178F871}.Debug|Any CPU.ActiveCfg = Debug|Any CPU
		{81AC0DDA-7483-4761-BCEB-66FC7178F871}.Debug|Any CPU.Build.0 = Debug|Any CPU
		{81AC0DDA-7483-4761-BCEB-66FC7178F871}.Release|Any CPU.ActiveCfg = Release|Any CPU
		{81AC0DDA-7483-4761-BCEB-66FC7178F871}.Release|Any CPU.Build.0 = Release|Any CPU
		{C36777B5-0769-4535-8FA5-C8645D53528E}.Debug|Any CPU.ActiveCfg = Debug|Any CPU
		{C36777B5-0769-4535-8FA5-C8645D53528E}.Debug|Any CPU.Build.0 = Debug|Any CPU
		{C36777B5-0769-4535-8FA5-C8645D53528E}.Release|Any CPU.ActiveCfg = Release|Any CPU
		{C36777B5-0769-4535-8FA5-C8645D53528E}.Release|Any CPU.Build.0 = Release|Any CPU
		{538ADE0E-0387-4AD7-B683-7034C39DD43E}.Debug|Any CPU.ActiveCfg = Debug|Any CPU
		{538ADE0E-0387-4AD7-B683-7034C39DD43E}.Debug|Any CPU.Build.0 = Debug|Any CPU
		{538ADE0E-0387-4AD7-B683-7034C39DD43E}.Release|Any CPU.ActiveCfg = Release|Any CPU
		{538ADE0E-0387-4AD7-B683-7034C39DD43E}.Release|Any CPU.Build.0 = Release|Any CPU
		{E2618DC7-EE5F-4B4F-8C56-4CC73A2B67C8}.Debug|Any CPU.ActiveCfg = Debug|Any CPU
		{E2618DC7-EE5F-4B4F-8C56-4CC73A2B67C8}.Debug|Any CPU.Build.0 = Debug|Any CPU
		{E2618DC7-EE5F-4B4F-8C56-4CC73A2B67C8}.Release|Any CPU.ActiveCfg = Release|Any CPU
		{E2618DC7-EE5F-4B4F-8C56-4CC73A2B67C8}.Release|Any CPU.Build.0 = Release|Any CPU
		{FF9BE63C-9347-49D9-A947-B0805556A217}.Debug|Any CPU.ActiveCfg = Debug|Any CPU
		{FF9BE63C-9347-49D9-A947-B0805556A217}.Debug|Any CPU.Build.0 = Debug|Any CPU
		{FF9BE63C-9347-49D9-A947-B0805556A217}.Release|Any CPU.ActiveCfg = Release|Any CPU
		{FF9BE63C-9347-49D9-A947-B0805556A217}.Release|Any CPU.Build.0 = Release|Any CPU
		{F697B49A-4F34-4C86-B5FE-AC1E9FB88123}.Debug|Any CPU.ActiveCfg = Debug|Any CPU
		{F697B49A-4F34-4C86-B5FE-AC1E9FB88123}.Debug|Any CPU.Build.0 = Debug|Any CPU
		{F697B49A-4F34-4C86-B5FE-AC1E9FB88123}.Release|Any CPU.ActiveCfg = Release|Any CPU
		{F697B49A-4F34-4C86-B5FE-AC1E9FB88123}.Release|Any CPU.Build.0 = Release|Any CPU
		{7F473CF9-4B24-4A04-B5A5-EF6126DED75D}.Debug|Any CPU.ActiveCfg = Debug|Any CPU
		{7F473CF9-4B24-4A04-B5A5-EF6126DED75D}.Debug|Any CPU.Build.0 = Debug|Any CPU
		{7F473CF9-4B24-4A04-B5A5-EF6126DED75D}.Release|Any CPU.ActiveCfg = Release|Any CPU
		{7F473CF9-4B24-4A04-B5A5-EF6126DED75D}.Release|Any CPU.Build.0 = Release|Any CPU
		{107878A3-6E57-42B0-A268-48727C020EF3}.Debug|Any CPU.ActiveCfg = Debug|Any CPU
		{107878A3-6E57-42B0-A268-48727C020EF3}.Debug|Any CPU.Build.0 = Debug|Any CPU
		{107878A3-6E57-42B0-A268-48727C020EF3}.Release|Any CPU.ActiveCfg = Release|Any CPU
		{107878A3-6E57-42B0-A268-48727C020EF3}.Release|Any CPU.Build.0 = Release|Any CPU
	EndGlobalSection
	GlobalSection(SolutionProperties) = preSolution
		HideSolutionNode = FALSE
	EndGlobalSection
	GlobalSection(ExtensibilityGlobals) = postSolution
		SolutionGuid = {7E19DAA9-24DB-4358-B70A-68BB9CDA1053}
	EndGlobalSection
EndGlobal
